
Microsoft Visual Studio Solution File, Format Version 12.00
# Visual Studio 15
VisualStudioVersion = 15.0.28307.106
MinimumVisualStudioVersion = 10.0.40219.1
Project("{FAE04EC0-301F-11D3-BF4B-00C04F79EFBC}") = "Zadatak1-2", "Zadatak1-2\Zadatak1-2.csproj", "{74BCF39E-E82E-4959-8483-37B2C1312368}"
EndProject
Global
	GlobalSection(SolutionConfigurationPlatforms) = preSolution
		Debug|Any CPU = Debug|Any CPU
		Release|Any CPU = Release|Any CPU
	EndGlobalSection
	GlobalSection(ProjectConfigurationPlatforms) = postSolution
		{74BCF39E-E82E-4959-8483-37B2C1312368}.Debug|Any CPU.ActiveCfg = Debug|Any CPU
		{74BCF39E-E82E-4959-8483-37B2C1312368}.Debug|Any CPU.Build.0 = Debug|Any CPU
		{74BCF39E-E82E-4959-8483-37B2C1312368}.Release|Any CPU.ActiveCfg = Release|Any CPU
		{74BCF39E-E82E-4959-8483-37B2C1312368}.Release|Any CPU.Build.0 = Release|Any CPU
	EndGlobalSection
	GlobalSection(SolutionProperties) = preSolution
		HideSolutionNode = FALSE
	EndGlobalSection
	GlobalSection(ExtensibilityGlobals) = postSolution
		SolutionGuid = {D09BF970-50DA-46A4-A010-A3A99ED9B2EB}
	EndGlobalSection
EndGlobal
